// !$*UTF8*$!
{
	archiveVersion = 1;
	classes = {
	};
	objectVersion = 56;
	objects = {

/* Begin PBXBuildFile section */
		89368B5F2DC7343000202D9E /* GithubProfilerApp.swift in Sources */ = {isa = PBXBuildFile; fileRef = 89368B5E2DC7343000202D9E /* GithubProfilerApp.swift */; };
		89368B612DC7343000202D9E /* ContentView.swift in Sources */ = {isa = PBXBuildFile; fileRef = 89368B602DC7343000202D9E /* ContentView.swift */; };
		89368B632DC7343200202D9E /* Assets.xcassets in Resources */ = {isa = PBXBuildFile; fileRef = 89368B622DC7343200202D9E /* Assets.xcassets */; };
		89368B662DC7343200202D9E /* Preview Assets.xcassets in Resources */ = {isa = PBXBuildFile; fileRef = 89368B652DC7343200202D9E /* Preview Assets.xcassets */; };
		89368B702DC7343300202D9E /* GithubProfilerTests.swift in Sources */ = {isa = PBXBuildFile; fileRef = 89368B6F2DC7343300202D9E /* GithubProfilerTests.swift */; };
		89368B7A2DC7343300202D9E /* GithubProfilerUITests.swift in Sources */ = {isa = PBXBuildFile; fileRef = 89368B792DC7343300202D9E /* GithubProfilerUITests.swift */; };
		89368B7C2DC7343300202D9E /* GithubProfilerUITestsLaunchTests.swift in Sources */ = {isa = PBXBuildFile; fileRef = 89368B7B2DC7343300202D9E /* GithubProfilerUITestsLaunchTests.swift */; };
/* End PBXBuildFile section */

/* Begin PBXContainerItemProxy section */
		89368B6C2DC7343300202D9E /* PBXContainerItemProxy */ = {
			isa = PBXContainerItemProxy;
			containerPortal = 89368B532DC7343000202D9E /* Project object */;
			proxyType = 1;
			remoteGlobalIDString = 89368B5A2DC7343000202D9E;
			remoteInfo = GithubProfiler;
		};
		89368B762DC7343300202D9E /* PBXContainerItemProxy */ = {
			isa = PBXContainerItemProxy;
			containerPortal = 89368B532DC7343000202D9E /* Project object */;
			proxyType = 1;
			remoteGlobalIDString = 89368B5A2DC7343000202D9E;
			remoteInfo = GithubProfiler;
		};
/* End PBXContainerItemProxy section */

/* Begin PBXFileReference section */
		89368B5B2DC7343000202D9E /* GithubProfiler.app */ = {isa = PBXFileReference; explicitFileType = wrapper.application; includeInIndex = 0; path = GithubProfiler.app; sourceTree = BUILT_PRODUCTS_DIR; };
		89368B5E2DC7343000202D9E /* GithubProfilerApp.swift */ = {isa = PBXFileReference; lastKnownFileType = sourcecode.swift; path = GithubProfilerApp.swift; sourceTree = "<group>"; };
		89368B602DC7343000202D9E /* ContentView.swift */ = {isa = PBXFileReference; lastKnownFileType = sourcecode.swift; path = ContentView.swift; sourceTree = "<group>"; };
		89368B622DC7343200202D9E /* Assets.xcassets */ = {isa = PBXFileReference; lastKnownFileType = folder.assetcatalog; path = Assets.xcassets; sourceTree = "<group>"; };
		89368B652DC7343200202D9E /* Preview Assets.xcassets */ = {isa = PBXFileReference; lastKnownFileType = folder.assetcatalog; path = "Preview Assets.xcassets"; sourceTree = "<group>"; };
		89368B6B2DC7343300202D9E /* GithubProfilerTests.xctest */ = {isa = PBXFileReference; explicitFileType = wrapper.cfbundle; includeInIndex = 0; path = GithubProfilerTests.xctest; sourceTree = BUILT_PRODUCTS_DIR; };
		89368B6F2DC7343300202D9E /* GithubProfilerTests.swift */ = {isa = PBXFileReference; lastKnownFileType = sourcecode.swift; path = GithubProfilerTests.swift; sourceTree = "<group>"; };
		89368B752DC7343300202D9E /* GithubProfilerUITests.xctest */ = {isa = PBXFileReference; explicitFileType = wrapper.cfbundle; includeInIndex = 0; path = GithubProfilerUITests.xctest; sourceTree = BUILT_PRODUCTS_DIR; };
		89368B792DC7343300202D9E /* GithubProfilerUITests.swift */ = {isa = PBXFileReference; lastKnownFileType = sourcecode.swift; path = GithubProfilerUITests.swift; sourceTree = "<group>"; };
		89368B7B2DC7343300202D9E /* GithubProfilerUITestsLaunchTests.swift */ = {isa = PBXFileReference; lastKnownFileType = sourcecode.swift; path = GithubProfilerUITestsLaunchTests.swift; sourceTree = "<group>"; };
/* End PBXFileReference section */

/* Begin PBXFrameworksBuildPhase section */
		89368B582DC7343000202D9E /* Frameworks */ = {
			isa = PBXFrameworksBuildPhase;
			buildActionMask = 2147483647;
			files = (
			);
			runOnlyForDeploymentPostprocessing = 0;
		};
		89368B682DC7343300202D9E /* Frameworks */ = {
			isa = PBXFrameworksBuildPhase;
			buildActionMask = 2147483647;
			files = (
			);
			runOnlyForDeploymentPostprocessing = 0;
		};
		89368B722DC7343300202D9E /* Frameworks */ = {
			isa = PBXFrameworksBuildPhase;
			buildActionMask = 2147483647;
			files = (
			);
			runOnlyForDeploymentPostprocessing = 0;
		};
/* End PBXFrameworksBuildPhase section */

/* Begin PBXGroup section */
		89368B522DC7343000202D9E = {
			isa = PBXGroup;
			children = (
				89368B5D2DC7343000202D9E /* GithubProfiler */,
				89368B6E2DC7343300202D9E /* GithubProfilerTests */,
				89368B782DC7343300202D9E /* GithubProfilerUITests */,
				89368B5C2DC7343000202D9E /* Products */,
			);
			sourceTree = "<group>";
		};
		89368B5C2DC7343000202D9E /* Products */ = {
			isa = PBXGroup;
			children = (
				89368B5B2DC7343000202D9E /* GithubProfiler.app */,
				89368B6B2DC7343300202D9E /* GithubProfilerTests.xctest */,
				89368B752DC7343300202D9E /* GithubProfilerUITests.xctest */,
			);
			name = Products;
			sourceTree = "<group>";
		};
		89368B5D2DC7343000202D9E /* GithubProfiler */ = {
			isa = PBXGroup;
			children = (
				89368B5E2DC7343000202D9E /* GithubProfilerApp.swift */,
				89368B602DC7343000202D9E /* ContentView.swift */,
				89368B622DC7343200202D9E /* Assets.xcassets */,
				89368B642DC7343200202D9E /* Preview Content */,
			);
			path = GithubProfiler;
			sourceTree = "<group>";
		};
		89368B642DC7343200202D9E /* Preview Content */ = {
			isa = PBXGroup;
			children = (
				89368B652DC7343200202D9E /* Preview Assets.xcassets */,
			);
			path = "Preview Content";
			sourceTree = "<group>";
		};
		89368B6E2DC7343300202D9E /* GithubProfilerTests */ = {
			isa = PBXGroup;
			children = (
				89368B6F2DC7343300202D9E /* GithubProfilerTests.swift */,
			);
			path = GithubProfilerTests;
			sourceTree = "<group>";
		};
		89368B782DC7343300202D9E /* GithubProfilerUITests */ = {
			isa = PBXGroup;
			children = (
				89368B792DC7343300202D9E /* GithubProfilerUITests.swift */,
				89368B7B2DC7343300202D9E /* GithubProfilerUITestsLaunchTests.swift */,
			);
			path = GithubProfilerUITests;
			sourceTree = "<group>";
		};
/* End PBXGroup section */

/* Begin PBXNativeTarget section */
		89368B5A2DC7343000202D9E /* GithubProfiler */ = {
			isa = PBXNativeTarget;
			buildConfigurationList = 89368B7F2DC7343300202D9E /* Build configuration list for PBXNativeTarget "GithubProfiler" */;
			buildPhases = (
				89368B572DC7343000202D9E /* Sources */,
				89368B582DC7343000202D9E /* Frameworks */,
				89368B592DC7343000202D9E /* Resources */,
			);
			buildRules = (
			);
			dependencies = (
			);
			name = GithubProfiler;
			productName = GithubProfiler;
			productReference = 89368B5B2DC7343000202D9E /* GithubProfiler.app */;
			productType = "com.apple.product-type.application";
		};
		89368B6A2DC7343300202D9E /* GithubProfilerTests */ = {
			isa = PBXNativeTarget;
			buildConfigurationList = 89368B822DC7343300202D9E /* Build configuration list for PBXNativeTarget "GithubProfilerTests" */;
			buildPhases = (
				89368B672DC7343300202D9E /* Sources */,
				89368B682DC7343300202D9E /* Frameworks */,
				89368B692DC7343300202D9E /* Resources */,
			);
			buildRules = (
			);
			dependencies = (
				89368B6D2DC7343300202D9E /* PBXTargetDependency */,
			);
			name = GithubProfilerTests;
			productName = GithubProfilerTests;
			productReference = 89368B6B2DC7343300202D9E /* GithubProfilerTests.xctest */;
			productType = "com.apple.product-type.bundle.unit-test";
		};
		89368B742DC7343300202D9E /* GithubProfilerUITests */ = {
			isa = PBXNativeTarget;
			buildConfigurationList = 89368B852DC7343300202D9E /* Build configuration list for PBXNativeTarget "GithubProfilerUITests" */;
			buildPhases = (
				89368B712DC7343300202D9E /* Sources */,
				89368B722DC7343300202D9E /* Frameworks */,
				89368B732DC7343300202D9E /* Resources */,
			);
			buildRules = (
			);
			dependencies = (
				89368B772DC7343300202D9E /* PBXTargetDependency */,
			);
			name = GithubProfilerUITests;
			productName = GithubProfilerUITests;
			productReference = 89368B752DC7343300202D9E /* GithubProfilerUITests.xctest */;
			productType = "com.apple.product-type.bundle.ui-testing";
		};
/* End PBXNativeTarget section */

/* Begin PBXProject section */
		89368B532DC7343000202D9E /* Project object */ = {
			isa = PBXProject;
			attributes = {
				BuildIndependentTargetsInParallel = 1;
				LastSwiftUpdateCheck = 1540;
				LastUpgradeCheck = 1540;
				TargetAttributes = {
					89368B5A2DC7343000202D9E = {
						CreatedOnToolsVersion = 15.4;
					};
					89368B6A2DC7343300202D9E = {
						CreatedOnToolsVersion = 15.4;
						TestTargetID = 89368B5A2DC7343000202D9E;
					};
					89368B742DC7343300202D9E = {
						CreatedOnToolsVersion = 15.4;
						TestTargetID = 89368B5A2DC7343000202D9E;
					};
				};
			};
			buildConfigurationList = 89368B562DC7343000202D9E /* Build configuration list for PBXProject "GithubProfiler" */;
			compatibilityVersion = "Xcode 14.0";
			developmentRegion = en;
			hasScannedForEncodings = 0;
			knownRegions = (
				en,
				Base,
			);
			mainGroup = 89368B522DC7343000202D9E;
			productRefGroup = 89368B5C2DC7343000202D9E /* Products */;
			projectDirPath = "";
			projectRoot = "";
			targets = (
				89368B5A2DC7343000202D9E /* GithubProfiler */,
				89368B6A2DC7343300202D9E /* GithubProfilerTests */,
				89368B742DC7343300202D9E /* GithubProfilerUITests */,
			);
		};
/* End PBXProject section */

/* Begin PBXResourcesBuildPhase section */
		89368B592DC7343000202D9E /* Resources */ = {
			isa = PBXResourcesBuildPhase;
			buildActionMask = 2147483647;
			files = (
				89368B662DC7343200202D9E /* Preview Assets.xcassets in Resources */,
				89368B632DC7343200202D9E /* Assets.xcassets in Resources */,
			);
			runOnlyForDeploymentPostprocessing = 0;
		};
		89368B692DC7343300202D9E /* Resources */ = {
			isa = PBXResourcesBuildPhase;
			buildActionMask = 2147483647;
			files = (
			);
			runOnlyForDeploymentPostprocessing = 0;
		};
		89368B732DC7343300202D9E /* Resources */ = {
			isa = PBXResourcesBuildPhase;
			buildActionMask = 2147483647;
			files = (
			);
			runOnlyForDeploymentPostprocessing = 0;
		};
/* End PBXResourcesBuildPhase section */

/* Begin PBXSourcesBuildPhase section */
		89368B572DC7343000202D9E /* Sources */ = {
			isa = PBXSourcesBuildPhase;
			buildActionMask = 2147483647;
			files = (
				89368B612DC7343000202D9E /* ContentView.swift in Sources */,
				89368B5F2DC7343000202D9E /* GithubProfilerApp.swift in Sources */,
			);
			runOnlyForDeploymentPostprocessing = 0;
		};
		89368B672DC7343300202D9E /* Sources */ = {
			isa = PBXSourcesBuildPhase;
			buildActionMask = 2147483647;
			files = (
				89368B702DC7343300202D9E /* GithubProfilerTests.swift in Sources */,
			);
			runOnlyForDeploymentPostprocessing = 0;
		};
		89368B712DC7343300202D9E /* Sources */ = {
			isa = PBXSourcesBuildPhase;
			buildActionMask = 2147483647;
			files = (
				89368B7C2DC7343300202D9E /* GithubProfilerUITestsLaunchTests.swift in Sources */,
				89368B7A2DC7343300202D9E /* GithubProfilerUITests.swift in Sources */,
			);
			runOnlyForDeploymentPostprocessing = 0;
		};
/* End PBXSourcesBuildPhase section */

/* Begin PBXTargetDependency section */
		89368B6D2DC7343300202D9E /* PBXTargetDependency */ = {
			isa = PBXTargetDependency;
			target = 89368B5A2DC7343000202D9E /* GithubProfiler */;
			targetProxy = 89368B6C2DC7343300202D9E /* PBXContainerItemProxy */;
		};
		89368B772DC7343300202D9E /* PBXTargetDependency */ = {
			isa = PBXTargetDependency;
			target = 89368B5A2DC7343000202D9E /* GithubProfiler */;
			targetProxy = 89368B762DC7343300202D9E /* PBXContainerItemProxy */;
		};
/* End PBXTargetDependency section */

/* Begin XCBuildConfiguration section */
		89368B7D2DC7343300202D9E /* Debug */ = {
			isa = XCBuildConfiguration;
			buildSettings = {
				ALWAYS_SEARCH_USER_PATHS = NO;
				ASSETCATALOG_COMPILER_GENERATE_SWIFT_ASSET_SYMBOL_EXTENSIONS = YES;
				CLANG_ANALYZER_NONNULL = YES;
				CLANG_ANALYZER_NUMBER_OBJECT_CONVERSION = YES_AGGRESSIVE;
				CLANG_CXX_LANGUAGE_STANDARD = "gnu++20";
				CLANG_ENABLE_MODULES = YES;
				CLANG_ENABLE_OBJC_ARC = YES;
				CLANG_ENABLE_OBJC_WEAK = YES;
				CLANG_WARN_BLOCK_CAPTURE_AUTORELEASING = YES;
				CLANG_WARN_BOOL_CONVERSION = YES;
				CLANG_WARN_COMMA = YES;
				CLANG_WARN_CONSTANT_CONVERSION = YES;
				CLANG_WARN_DEPRECATED_OBJC_IMPLEMENTATIONS = YES;
				CLANG_WARN_DIRECT_OBJC_ISA_USAGE = YES_ERROR;
				CLANG_WARN_DOCUMENTATION_COMMENTS = YES;
				CLANG_WARN_EMPTY_BODY = YES;
				CLANG_WARN_ENUM_CONVERSION = YES;
				CLANG_WARN_INFINITE_RECURSION = YES;
				CLANG_WARN_INT_CONVERSION = YES;
				CLANG_WARN_NON_LITERAL_NULL_CONVERSION = YES;
				CLANG_WARN_OBJC_IMPLICIT_RETAIN_SELF = YES;
				CLANG_WARN_OBJC_LITERAL_CONVERSION = YES;
				CLANG_WARN_OBJC_ROOT_CLASS = YES_ERROR;
				CLANG_WARN_QUOTED_INCLUDE_IN_FRAMEWORK_HEADER = YES;
				CLANG_WARN_RANGE_LOOP_ANALYSIS = YES;
				CLANG_WARN_STRICT_PROTOTYPES = YES;
				CLANG_WARN_SUSPICIOUS_MOVE = YES;
				CLANG_WARN_UNGUARDED_AVAILABILITY = YES_AGGRESSIVE;
				CLANG_WARN_UNREACHABLE_CODE = YES;
				CLANG_WARN__DUPLICATE_METHOD_MATCH = YES;
				COPY_PHASE_STRIP = NO;
				DEBUG_INFORMATION_FORMAT = dwarf;
				ENABLE_STRICT_OBJC_MSGSEND = YES;
				ENABLE_TESTABILITY = YES;
				ENABLE_USER_SCRIPT_SANDBOXING = YES;
				GCC_C_LANGUAGE_STANDARD = gnu17;
				GCC_DYNAMIC_NO_PIC = NO;
				GCC_NO_COMMON_BLOCKS = YES;
				GCC_OPTIMIZATION_LEVEL = 0;
				GCC_PREPROCESSOR_DEFINITIONS = (
					"DEBUG=1",
					"$(inherited)",
				);
				GCC_WARN_64_TO_32_BIT_CONVERSION = YES;
				GCC_WARN_ABOUT_RETURN_TYPE = YES_ERROR;
				GCC_WARN_UNDECLARED_SELECTOR = YES;
				GCC_WARN_UNINITIALIZED_AUTOS = YES_AGGRESSIVE;
				GCC_WARN_UNUSED_FUNCTION = YES;
				GCC_WARN_UNUSED_VARIABLE = YES;
				IPHONEOS_DEPLOYMENT_TARGET = 17.5;
				LOCALIZATION_PREFERS_STRING_CATALOGS = YES;
				MTL_ENABLE_DEBUG_INFO = INCLUDE_SOURCE;
				MTL_FAST_MATH = YES;
				ONLY_ACTIVE_ARCH = YES;
				SDKROOT = iphoneos;
				SWIFT_ACTIVE_COMPILATION_CONDITIONS = "DEBUG $(inherited)";
				SWIFT_OPTIMIZATION_LEVEL = "-Onone";
			};
			name = Debug;
		};
		89368B7E2DC7343300202D9E /* Release */ = {
			isa = XCBuildConfiguration;
			buildSettings = {
				ALWAYS_SEARCH_USER_PATHS = NO;
				ASSETCATALOG_COMPILER_GENERATE_SWIFT_ASSET_SYMBOL_EXTENSIONS = YES;
				CLANG_ANALYZER_NONNULL = YES;
				CLANG_ANALYZER_NUMBER_OBJECT_CONVERSION = YES_AGGRESSIVE;
				CLANG_CXX_LANGUAGE_STANDARD = "gnu++20";
				CLANG_ENABLE_MODULES = YES;
				CLANG_ENABLE_OBJC_ARC = YES;
				CLANG_ENABLE_OBJC_WEAK = YES;
				CLANG_WARN_BLOCK_CAPTURE_AUTORELEASING = YES;
				CLANG_WARN_BOOL_CONVERSION = YES;
				CLANG_WARN_COMMA = YES;
				CLANG_WARN_CONSTANT_CONVERSION = YES;
				CLANG_WARN_DEPRECATED_OBJC_IMPLEMENTATIONS = YES;
				CLANG_WARN_DIRECT_OBJC_ISA_USAGE = YES_ERROR;
				CLANG_WARN_DOCUMENTATION_COMMENTS = YES;
				CLANG_WARN_EMPTY_BODY = YES;
				CLANG_WARN_ENUM_CONVERSION = YES;
				CLANG_WARN_INFINITE_RECURSION = YES;
				CLANG_WARN_INT_CONVERSION = YES;
				CLANG_WARN_NON_LITERAL_NULL_CONVERSION = YES;
				CLANG_WARN_OBJC_IMPLICIT_RETAIN_SELF = YES;
				CLANG_WARN_OBJC_LITERAL_CONVERSION = YES;
				CLANG_WARN_OBJC_ROOT_CLASS = YES_ERROR;
				CLANG_WARN_QUOTED_INCLUDE_IN_FRAMEWORK_HEADER = YES;
				CLANG_WARN_RANGE_LOOP_ANALYSIS = YES;
				CLANG_WARN_STRICT_PROTOTYPES = YES;
				CLANG_WARN_SUSPICIOUS_MOVE = YES;
				CLANG_WARN_UNGUARDED_AVAILABILITY = YES_AGGRESSIVE;
				CLANG_WARN_UNREACHABLE_CODE = YES;
				CLANG_WARN__DUPLICATE_METHOD_MATCH = YES;
				COPY_PHASE_STRIP = NO;
				DEBUG_INFORMATION_FORMAT = "dwarf-with-dsym";
				ENABLE_NS_ASSERTIONS = NO;
				ENABLE_STRICT_OBJC_MSGSEND = YES;
				ENABLE_USER_SCRIPT_SANDBOXING = YES;
				GCC_C_LANGUAGE_STANDARD = gnu17;
				GCC_NO_COMMON_BLOCKS = YES;
				GCC_WARN_64_TO_32_BIT_CONVERSION = YES;
				GCC_WARN_ABOUT_RETURN_TYPE = YES_ERROR;
				GCC_WARN_UNDECLARED_SELECTOR = YES;
				GCC_WARN_UNINITIALIZED_AUTOS = YES_AGGRESSIVE;
				GCC_WARN_UNUSED_FUNCTION = YES;
				GCC_WARN_UNUSED_VARIABLE = YES;
				IPHONEOS_DEPLOYMENT_TARGET = 17.5;
				LOCALIZATION_PREFERS_STRING_CATALOGS = YES;
				MTL_ENABLE_DEBUG_INFO = NO;
				MTL_FAST_MATH = YES;
				SDKROOT = iphoneos;
				SWIFT_COMPILATION_MODE = wholemodule;
				VALIDATE_PRODUCT = YES;
			};
			name = Release;
		};
		89368B802DC7343300202D9E /* Debug */ = {
			isa = XCBuildConfiguration;
			buildSettings = {
				ASSETCATALOG_COMPILER_APPICON_NAME = AppIcon;
				ASSETCATALOG_COMPILER_GLOBAL_ACCENT_COLOR_NAME = AccentColor;
				CODE_SIGN_STYLE = Automatic;
				CURRENT_PROJECT_VERSION = 1;
				DEVELOPMENT_ASSET_PATHS = "\"GithubProfiler/Preview Content\"";
				ENABLE_PREVIEWS = YES;
				GENERATE_INFOPLIST_FILE = YES;
				INFOPLIST_KEY_UIApplicationSceneManifest_Generation = YES;
				INFOPLIST_KEY_UIApplicationSupportsIndirectInputEvents = YES;
				INFOPLIST_KEY_UILaunchScreen_Generation = YES;
				INFOPLIST_KEY_UISupportedInterfaceOrientations_iPad = "UIInterfaceOrientationPortrait UIInterfaceOrientationPortraitUpsideDown UIInterfaceOrientationLandscapeLeft UIInterfaceOrientationLandscapeRight";
				INFOPLIST_KEY_UISupportedInterfaceOrientations_iPhone = "UIInterfaceOrientationPortrait UIInterfaceOrientationLandscapeLeft UIInterfaceOrientationLandscapeRight";
				LD_RUNPATH_SEARCH_PATHS = (
					"$(inherited)",
					"@executable_path/Frameworks",
				);
				MARKETING_VERSION = 1.0;
				PRODUCT_BUNDLE_IDENTIFIER = "sing-parihar-ios-and-android-together.GithubProfiler";
				PRODUCT_NAME = "$(TARGET_NAME)";
				SWIFT_EMIT_LOC_STRINGS = YES;
				SWIFT_VERSION = 5.0;
				TARGETED_DEVICE_FAMILY = "1,2";
			};
			name = Debug;
		};
		89368B812DC7343300202D9E /* Release */ = {
			isa = XCBuildConfiguration;
			buildSettings = {
				ASSETCATALOG_COMPILER_APPICON_NAME = AppIcon;
				ASSETCATALOG_COMPILER_GLOBAL_ACCENT_COLOR_NAME = AccentColor;
				CODE_SIGN_STYLE = Automatic;
				CURRENT_PROJECT_VERSION = 1;
				DEVELOPMENT_ASSET_PATHS = "\"GithubProfiler/Preview Content\"";
				ENABLE_PREVIEWS = YES;
				GENERATE_INFOPLIST_FILE = YES;
				INFOPLIST_KEY_UIApplicationSceneManifest_Generation = YES;
				INFOPLIST_KEY_UIApplicationSupportsIndirectInputEvents = YES;
				INFOPLIST_KEY_UILaunchScreen_Generation = YES;
				INFOPLIST_KEY_UISupportedInterfaceOrientations_iPad = "UIInterfaceOrientationPortrait UIInterfaceOrientationPortraitUpsideDown UIInterfaceOrientationLandscapeLeft UIInterfaceOrientationLandscapeRight";
				INFOPLIST_KEY_UISupportedInterfaceOrientations_iPhone = "UIInterfaceOrientationPortrait UIInterfaceOrientationLandscapeLeft UIInterfaceOrientationLandscapeRight";
				LD_RUNPATH_SEARCH_PATHS = (
					"$(inherited)",
					"@executable_path/Frameworks",
				);
				MARKETING_VERSION = 1.0;
				PRODUCT_BUNDLE_IDENTIFIER = "sing-parihar-ios-and-android-together.GithubProfiler";
				PRODUCT_NAME = "$(TARGET_NAME)";
				SWIFT_EMIT_LOC_STRINGS = YES;
				SWIFT_VERSION = 5.0;
				TARGETED_DEVICE_FAMILY = "1,2";
			};
			name = Release;
		};
		89368B832DC7343300202D9E /* Debug */ = {
			isa = XCBuildConfiguration;
			buildSettings = {
				ALWAYS_EMBED_SWIFT_STANDARD_LIBRARIES = YES;
				BUNDLE_LOADER = "$(TEST_HOST)";
				CODE_SIGN_STYLE = Automatic;
				CURRENT_PROJECT_VERSION = 1;
				GENERATE_INFOPLIST_FILE = YES;
				IPHONEOS_DEPLOYMENT_TARGET = 17.5;
				MARKETING_VERSION = 1.0;
				PRODUCT_BUNDLE_IDENTIFIER = "sing-parihar-ios-and-android-together.GithubProfilerTests";
				PRODUCT_NAME = "$(TARGET_NAME)";
				SWIFT_EMIT_LOC_STRINGS = NO;
				SWIFT_VERSION = 5.0;
				TARGETED_DEVICE_FAMILY = "1,2";
				TEST_HOST = "$(BUILT_PRODUCTS_DIR)/GithubProfiler.app/$(BUNDLE_EXECUTABLE_FOLDER_PATH)/GithubProfiler";
			};
			name = Debug;
		};
		89368B842DC7343300202D9E /* Release */ = {
			isa = XCBuildConfiguration;
			buildSettings = {
				ALWAYS_EMBED_SWIFT_STANDARD_LIBRARIES = YES;
				BUNDLE_LOADER = "$(TEST_HOST)";
				CODE_SIGN_STYLE = Automatic;
				CURRENT_PROJECT_VERSION = 1;
				GENERATE_INFOPLIST_FILE = YES;
				IPHONEOS_DEPLOYMENT_TARGET = 17.5;
				MARKETING_VERSION = 1.0;
				PRODUCT_BUNDLE_IDENTIFIER = "sing-parihar-ios-and-android-together.GithubProfilerTests";
				PRODUCT_NAME = "$(TARGET_NAME)";
				SWIFT_EMIT_LOC_STRINGS = NO;
				SWIFT_VERSION = 5.0;
				TARGETED_DEVICE_FAMILY = "1,2";
				TEST_HOST = "$(BUILT_PRODUCTS_DIR)/GithubProfiler.app/$(BUNDLE_EXECUTABLE_FOLDER_PATH)/GithubProfiler";
			};
			name = Release;
		};
		89368B862DC7343300202D9E /* Debug */ = {
			isa = XCBuildConfiguration;
			buildSettings = {
				ALWAYS_EMBED_SWIFT_STANDARD_LIBRARIES = YES;
				CODE_SIGN_STYLE = Automatic;
				CURRENT_PROJECT_VERSION = 1;
				GENERATE_INFOPLIST_FILE = YES;
				MARKETING_VERSION = 1.0;
				PRODUCT_BUNDLE_IDENTIFIER = "sing-parihar-ios-and-android-together.GithubProfilerUITests";
				PRODUCT_NAME = "$(TARGET_NAME)";
				SWIFT_EMIT_LOC_STRINGS = NO;
				SWIFT_VERSION = 5.0;
				TARGETED_DEVICE_FAMILY = "1,2";
				TEST_TARGET_NAME = GithubProfiler;
			};
			name = Debug;
		};
		89368B872DC7343300202D9E /* Release */ = {
			isa = XCBuildConfiguration;
			buildSettings = {
				ALWAYS_EMBED_SWIFT_STANDARD_LIBRARIES = YES;
				CODE_SIGN_STYLE = Automatic;
				CURRENT_PROJECT_VERSION = 1;
				GENERATE_INFOPLIST_FILE = YES;
				MARKETING_VERSION = 1.0;
				PRODUCT_BUNDLE_IDENTIFIER = "sing-parihar-ios-and-android-together.GithubProfilerUITests";
				PRODUCT_NAME = "$(TARGET_NAME)";
				SWIFT_EMIT_LOC_STRINGS = NO;
				SWIFT_VERSION = 5.0;
				TARGETED_DEVICE_FAMILY = "1,2";
				TEST_TARGET_NAME = GithubProfiler;
			};
			name = Release;
		};
/* End XCBuildConfiguration section */

/* Begin XCConfigurationList section */
		89368B562DC7343000202D9E /* Build configuration list for PBXProject "GithubProfiler" */ = {
			isa = XCConfigurationList;
			buildConfigurations = (
				89368B7D2DC7343300202D9E /* Debug */,
				89368B7E2DC7343300202D9E /* Release */,
			);
			defaultConfigurationIsVisible = 0;
			defaultConfigurationName = Release;
		};
		89368B7F2DC7343300202D9E /* Build configuration list for PBXNativeTarget "GithubProfiler" */ = {
			isa = XCConfigurationList;
			buildConfigurations = (
				89368B802DC7343300202D9E /* Debug */,
				89368B812DC7343300202D9E /* Release */,
			);
			defaultConfigurationIsVisible = 0;
			defaultConfigurationName = Release;
		};
		89368B822DC7343300202D9E /* Build configuration list for PBXNativeTarget "GithubProfilerTests" */ = {
			isa = XCConfigurationList;
			buildConfigurations = (
				89368B832DC7343300202D9E /* Debug */,
				89368B842DC7343300202D9E /* Release */,
			);
			defaultConfigurationIsVisible = 0;
			defaultConfigurationName = Release;
		};
		89368B852DC7343300202D9E /* Build configuration list for PBXNativeTarget "GithubProfilerUITests" */ = {
			isa = XCConfigurationList;
			buildConfigurations = (
				89368B862DC7343300202D9E /* Debug */,
				89368B872DC7343300202D9E /* Release */,
			);
			defaultConfigurationIsVisible = 0;
			defaultConfigurationName = Release;
		};
/* End XCConfigurationList section */
	};
	rootObject = 89368B532DC7343000202D9E /* Project object */;
}
